
Microsoft Visual Studio Solution File, Format Version 12.00
# Visual Studio 15
VisualStudioVersion = 15.0.27130.2010
MinimumVisualStudioVersion = 10.0.40219.1
Project("{9092AA53-FB77-4645-B42D-1CCCA6BD08BD}") = "srchV3", "srchV3\srchV3.njsproj", "{AFCA7F5C-EBA0-4C37-8561-884F3CFE5BAE}"
EndProject
Global
	GlobalSection(SolutionConfigurationPlatforms) = preSolution
		Debug|Any CPU = Debug|Any CPU
		Release|Any CPU = Release|Any CPU
	EndGlobalSection
	GlobalSection(ProjectConfigurationPlatforms) = postSolution
		{AFCA7F5C-EBA0-4C37-8561-884F3CFE5BAE}.Debug|Any CPU.ActiveCfg = Debug|Any CPU
		{AFCA7F5C-EBA0-4C37-8561-884F3CFE5BAE}.Debug|Any CPU.Build.0 = Debug|Any CPU
		{AFCA7F5C-EBA0-4C37-8561-884F3CFE5BAE}.Release|Any CPU.ActiveCfg = Release|Any CPU
		{AFCA7F5C-EBA0-4C37-8561-884F3CFE5BAE}.Release|Any CPU.Build.0 = Release|Any CPU
	EndGlobalSection
	GlobalSection(SolutionProperties) = preSolution
		HideSolutionNode = FALSE
	EndGlobalSection
	GlobalSection(ExtensibilityGlobals) = postSolution
		SolutionGuid = {3DA854B0-6541-41D6-9F77-1C876326A6AD}
	EndGlobalSection
EndGlobal
